
Microsoft Visual Studio Solution File, Format Version 12.00
# Visual Studio Version 16
VisualStudioVersion = 16.0.31313.79
MinimumVisualStudioVersion = 10.0.40219.1
Project("{FAE04EC0-301F-11D3-BF4B-00C04F79EFBC}") = "Capa_Presentacion", "proyectofinal\Capa_Presentacion.csproj", "{2653A57A-B1D1-49D6-BF24-4FBF1714AEC5}"
EndProject
Project("{FAE04EC0-301F-11D3-BF4B-00C04F79EFBC}") = "Capa_Datos", "Capa_Datos\Capa_Datos.csproj", "{4F9B8E7F-9EBA-4842-BC35-6650EC63FFD4}"
EndProject
Project("{FAE04EC0-301F-11D3-BF4B-00C04F79EFBC}") = "Capa_Comun", "Capa_Entidad\Capa_Comun.csproj", "{24104D73-0D45-4903-9ACE-D57E4A731482}"
EndProject
Project("{FAE04EC0-301F-11D3-BF4B-00C04F79EFBC}") = "Capa_Negocio", "Capa_Negocio\Capa_Negocio.csproj", "{3485BA7D-CF18-439F-9BB8-B2600503D365}"
EndProject
Global
	GlobalSection(SolutionConfigurationPlatforms) = preSolution
		Debug|Any CPU = Debug|Any CPU
		Release|Any CPU = Release|Any CPU
	EndGlobalSection
	GlobalSection(ProjectConfigurationPlatforms) = postSolution
		{2653A57A-B1D1-49D6-BF24-4FBF1714AEC5}.Debug|Any CPU.ActiveCfg = Debug|Any CPU
		{2653A57A-B1D1-49D6-BF24-4FBF1714AEC5}.Debug|Any CPU.Build.0 = Debug|Any CPU
		{2653A57A-B1D1-49D6-BF24-4FBF1714AEC5}.Release|Any CPU.ActiveCfg = Release|Any CPU
		{2653A57A-B1D1-49D6-BF24-4FBF1714AEC5}.Release|Any CPU.Build.0 = Release|Any CPU
		{4F9B8E7F-9EBA-4842-BC35-6650EC63FFD4}.Debug|Any CPU.ActiveCfg = Debug|Any CPU
		{4F9B8E7F-9EBA-4842-BC35-6650EC63FFD4}.Debug|Any CPU.Build.0 = Debug|Any CPU
		{4F9B8E7F-9EBA-4842-BC35-6650EC63FFD4}.Release|Any CPU.ActiveCfg = Release|Any CPU
		{4F9B8E7F-9EBA-4842-BC35-6650EC63FFD4}.Release|Any CPU.Build.0 = Release|Any CPU
		{24104D73-0D45-4903-9ACE-D57E4A731482}.Debug|Any CPU.ActiveCfg = Debug|Any CPU
		{24104D73-0D45-4903-9ACE-D57E4A731482}.Debug|Any CPU.Build.0 = Debug|Any CPU
		{24104D73-0D45-4903-9ACE-D57E4A731482}.Release|Any CPU.ActiveCfg = Release|Any CPU
		{24104D73-0D45-4903-9ACE-D57E4A731482}.Release|Any CPU.Build.0 = Release|Any CPU
		{3485BA7D-CF18-439F-9BB8-B2600503D365}.Debug|Any CPU.ActiveCfg = Debug|Any CPU
		{3485BA7D-CF18-439F-9BB8-B2600503D365}.Debug|Any CPU.Build.0 = Debug|Any CPU
		{3485BA7D-CF18-439F-9BB8-B2600503D365}.Release|Any CPU.ActiveCfg = Release|Any CPU
		{3485BA7D-CF18-439F-9BB8-B2600503D365}.Release|Any CPU.Build.0 = Release|Any CPU
	EndGlobalSection
	GlobalSection(SolutionProperties) = preSolution
		HideSolutionNode = FALSE
	EndGlobalSection
	GlobalSection(ExtensibilityGlobals) = postSolution
		SolutionGuid = {2AADAAC0-C5FE-48BB-B4D1-B246912E8C8D}
	EndGlobalSection
EndGlobal
